
Microsoft Visual Studio Solution File, Format Version 12.00
# Visual Studio Version 16
VisualStudioVersion = 16.0.32228.343
MinimumVisualStudioVersion = 10.0.40219.1
Project("{8BC9CEB8-8B4A-11D0-8D11-00A0C91BC942}") = "14-02-23", "14-02-23\14-02-23.vcxproj", "{B19ED121-9607-45F7-BB07-E14406384BEF}"
EndProject
Global
	GlobalSection(SolutionConfigurationPlatforms) = preSolution
		Debug|x64 = Debug|x64
		Debug|x86 = Debug|x86
		Release|x64 = Release|x64
		Release|x86 = Release|x86
	EndGlobalSection
	GlobalSection(ProjectConfigurationPlatforms) = postSolution
		{B19ED121-9607-45F7-BB07-E14406384BEF}.Debug|x64.ActiveCfg = Debug|x64
		{B19ED121-9607-45F7-BB07-E14406384BEF}.Debug|x64.Build.0 = Debug|x64
		{B19ED121-9607-45F7-BB07-E14406384BEF}.Debug|x86.ActiveCfg = Debug|Win32
		{B19ED121-9607-45F7-BB07-E14406384BEF}.Debug|x86.Build.0 = Debug|Win32
		{B19ED121-9607-45F7-BB07-E14406384BEF}.Release|x64.ActiveCfg = Release|x64
		{B19ED121-9607-45F7-BB07-E14406384BEF}.Release|x64.Build.0 = Release|x64
		{B19ED121-9607-45F7-BB07-E14406384BEF}.Release|x86.ActiveCfg = Release|Win32
		{B19ED121-9607-45F7-BB07-E14406384BEF}.Release|x86.Build.0 = Release|Win32
	EndGlobalSection
	GlobalSection(SolutionProperties) = preSolution
		HideSolutionNode = FALSE
	EndGlobalSection
	GlobalSection(ExtensibilityGlobals) = postSolution
		SolutionGuid = {F78D3DE2-534A-4166-8344-C0F18132311D}
	EndGlobalSection
EndGlobal
